
Microsoft Visual Studio Solution File, Format Version 12.00
# Visual Studio Version 16
VisualStudioVersion = 16.0.30413.136
MinimumVisualStudioVersion = 10.0.40219.1
Project("{FAE04EC0-301F-11D3-BF4B-00C04F79EFBC}") = "ImageProc", "ImageProc\ImageProc.csproj", "{54946091-4D41-489C-99DC-91B898BF8C1D}"
EndProject
Project("{FAE04EC0-301F-11D3-BF4B-00C04F79EFBC}") = "CrossPlat", "CrossPlat\CrossPlat.csproj", "{0A51B030-0488-4C2E-A0F3-93EDF358ED0D}"
EndProject
Project("{FAE04EC0-301F-11D3-BF4B-00C04F79EFBC}") = "ConvertEXR", "ConvertEXR\ConvertEXR.csproj", "{FC5C0903-FB3B-45AF-8182-C23DBA7F3E3B}"
EndProject
Global
	GlobalSection(SolutionConfigurationPlatforms) = preSolution
		Debug|Any CPU = Debug|Any CPU
		Debug|x86 = Debug|x86
		Release|Any CPU = Release|Any CPU
		Release|x86 = Release|x86
	EndGlobalSection
	GlobalSection(ProjectConfigurationPlatforms) = postSolution
		{54946091-4D41-489C-99DC-91B898BF8C1D}.Debug|Any CPU.ActiveCfg = Debug|Any CPU
		{54946091-4D41-489C-99DC-91B898BF8C1D}.Debug|Any CPU.Build.0 = Debug|Any CPU
		{54946091-4D41-489C-99DC-91B898BF8C1D}.Debug|x86.ActiveCfg = Debug|Any CPU
		{54946091-4D41-489C-99DC-91B898BF8C1D}.Debug|x86.Build.0 = Debug|Any CPU
		{54946091-4D41-489C-99DC-91B898BF8C1D}.Release|Any CPU.ActiveCfg = Release|Any CPU
		{54946091-4D41-489C-99DC-91B898BF8C1D}.Release|Any CPU.Build.0 = Release|Any CPU
		{54946091-4D41-489C-99DC-91B898BF8C1D}.Release|x86.ActiveCfg = Release|Any CPU
		{54946091-4D41-489C-99DC-91B898BF8C1D}.Release|x86.Build.0 = Release|Any CPU
		{0A51B030-0488-4C2E-A0F3-93EDF358ED0D}.Debug|Any CPU.ActiveCfg = Debug|Any CPU
		{0A51B030-0488-4C2E-A0F3-93EDF358ED0D}.Debug|Any CPU.Build.0 = Debug|Any CPU
		{0A51B030-0488-4C2E-A0F3-93EDF358ED0D}.Debug|x86.ActiveCfg = Debug|Any CPU
		{0A51B030-0488-4C2E-A0F3-93EDF358ED0D}.Debug|x86.Build.0 = Debug|Any CPU
		{0A51B030-0488-4C2E-A0F3-93EDF358ED0D}.Release|Any CPU.ActiveCfg = Release|Any CPU
		{0A51B030-0488-4C2E-A0F3-93EDF358ED0D}.Release|Any CPU.Build.0 = Release|Any CPU
		{0A51B030-0488-4C2E-A0F3-93EDF358ED0D}.Release|x86.ActiveCfg = Release|Any CPU
		{0A51B030-0488-4C2E-A0F3-93EDF358ED0D}.Release|x86.Build.0 = Release|Any CPU
		{FC5C0903-FB3B-45AF-8182-C23DBA7F3E3B}.Debug|Any CPU.ActiveCfg = Debug|Any CPU
		{FC5C0903-FB3B-45AF-8182-C23DBA7F3E3B}.Debug|Any CPU.Build.0 = Debug|Any CPU
		{FC5C0903-FB3B-45AF-8182-C23DBA7F3E3B}.Debug|x86.ActiveCfg = Debug|Any CPU
		{FC5C0903-FB3B-45AF-8182-C23DBA7F3E3B}.Debug|x86.Build.0 = Debug|Any CPU
		{FC5C0903-FB3B-45AF-8182-C23DBA7F3E3B}.Release|Any CPU.ActiveCfg = Release|Any CPU
		{FC5C0903-FB3B-45AF-8182-C23DBA7F3E3B}.Release|Any CPU.Build.0 = Release|Any CPU
		{FC5C0903-FB3B-45AF-8182-C23DBA7F3E3B}.Release|x86.ActiveCfg = Release|Any CPU
		{FC5C0903-FB3B-45AF-8182-C23DBA7F3E3B}.Release|x86.Build.0 = Release|Any CPU
	EndGlobalSection
	GlobalSection(SolutionProperties) = preSolution
		HideSolutionNode = FALSE
	EndGlobalSection
	GlobalSection(ExtensibilityGlobals) = postSolution
		SolutionGuid = {176661F9-0CDE-4043-BED2-75D6782BEF3E}
	EndGlobalSection
EndGlobal
